
Microsoft Visual Studio Solution File, Format Version 12.00
# Visual Studio 2012
Project("{FAE04EC0-301F-11D3-BF4B-00C04F79EFBC}") = "PlanMyWay.Lib", "..\..\..\..\Visual Studio 2010\Projects\PlanMyWay.Lib\PlanMyWay.Lib.csproj", "{B2C15A43-54D7-4610-895E-22BD1A20DA31}"
EndProject
Project("{FAE04EC0-301F-11D3-BF4B-00C04F79EFBC}") = "PlanMyWay.Lib.Test", "PlanMyWay.Lib.Test\PlanMyWay.Lib.Test.csproj", "{565E9300-C6F9-4BA6-A8E2-5F50A946F1FC}"
EndProject
Project("{FAE04EC0-301F-11D3-BF4B-00C04F79EFBC}") = "PlanMyWay.Html", "PlanMyWay.Html\PlanMyWay.Html.csproj", "{4D8FFDBB-D965-4DE5-A12D-7C8279459C91}"
EndProject
Project("{FAE04EC0-301F-11D3-BF4B-00C04F79EFBC}") = "OpenXML.Silverlight.Spreadsheet", "..\..\..\..\Visual Studio 2010\Projects\OpenXML.Silverlight.Spreadsheet\OpenXML.Silverlight.Spreadsheet\OpenXML.Silverlight.Spreadsheet.csproj", "{02AB2275-D1E5-4D71-8C93-8592F9718184}"
EndProject
Global
	GlobalSection(TeamFoundationVersionControl) = preSolution
		SccNumberOfProjects = 5
		SccEnterpriseProvider = {4CA58AB2-18FA-4F8D-95D4-32DDF27D184C}
		SccTeamFoundationServer = http://win-sbeprjiju6r:8080/tfs/planmyway
		SccLocalPath0 = .
		SccProjectUniqueName1 = ..\\..\\..\\..\\Visual\u0020Studio\u00202010\\Projects\\PlanMyWay.Lib\\PlanMyWay.Lib.csproj
		SccProjectName1 = PlanMyWay.Lib
		SccLocalPath1 = ..\\..\\..\\..\\Visual\u0020Studio\u00202010\\Projects\\PlanMyWay.Lib
		SccProjectUniqueName2 = PlanMyWay.Lib.Test\\PlanMyWay.Lib.Test.csproj
		SccProjectName2 = PlanMyWay.Lib.Test
		SccLocalPath2 = PlanMyWay.Lib.Test
		SccProjectUniqueName3 = PlanMyWay.Html\\PlanMyWay.Html.csproj
		SccProjectName3 = PlanMyWay.Html
		SccLocalPath3 = PlanMyWay.Html
		SccProjectUniqueName4 = ..\\..\\..\\..\\Visual\u0020Studio\u00202010\\Projects\\OpenXML.Silverlight.Spreadsheet\\OpenXML.Silverlight.Spreadsheet\\OpenXML.Silverlight.Spreadsheet.csproj
		SccProjectName4 = OpenXML.Silverlight.Spreadsheet
		SccLocalPath4 = ..\\..\\..\\..\\Visual\u0020Studio\u00202010\\Projects\\OpenXML.Silverlight.Spreadsheet\\OpenXML.Silverlight.Spreadsheet
	EndGlobalSection
	GlobalSection(SolutionConfigurationPlatforms) = preSolution
		Debug|Any CPU = Debug|Any CPU
		Release|Any CPU = Release|Any CPU
	EndGlobalSection
	GlobalSection(ProjectConfigurationPlatforms) = postSolution
		{B2C15A43-54D7-4610-895E-22BD1A20DA31}.Debug|Any CPU.ActiveCfg = Debug|Any CPU
		{B2C15A43-54D7-4610-895E-22BD1A20DA31}.Debug|Any CPU.Build.0 = Debug|Any CPU
		{B2C15A43-54D7-4610-895E-22BD1A20DA31}.Release|Any CPU.ActiveCfg = Release|Any CPU
		{B2C15A43-54D7-4610-895E-22BD1A20DA31}.Release|Any CPU.Build.0 = Release|Any CPU
		{565E9300-C6F9-4BA6-A8E2-5F50A946F1FC}.Debug|Any CPU.ActiveCfg = Debug|Any CPU
		{565E9300-C6F9-4BA6-A8E2-5F50A946F1FC}.Debug|Any CPU.Build.0 = Debug|Any CPU
		{565E9300-C6F9-4BA6-A8E2-5F50A946F1FC}.Debug|Any CPU.Deploy.0 = Debug|Any CPU
		{565E9300-C6F9-4BA6-A8E2-5F50A946F1FC}.Release|Any CPU.ActiveCfg = Release|Any CPU
		{565E9300-C6F9-4BA6-A8E2-5F50A946F1FC}.Release|Any CPU.Build.0 = Release|Any CPU
		{565E9300-C6F9-4BA6-A8E2-5F50A946F1FC}.Release|Any CPU.Deploy.0 = Release|Any CPU
		{4D8FFDBB-D965-4DE5-A12D-7C8279459C91}.Debug|Any CPU.ActiveCfg = Debug|Any CPU
		{4D8FFDBB-D965-4DE5-A12D-7C8279459C91}.Debug|Any CPU.Build.0 = Debug|Any CPU
		{4D8FFDBB-D965-4DE5-A12D-7C8279459C91}.Release|Any CPU.ActiveCfg = Release|Any CPU
		{4D8FFDBB-D965-4DE5-A12D-7C8279459C91}.Release|Any CPU.Build.0 = Release|Any CPU
		{02AB2275-D1E5-4D71-8C93-8592F9718184}.Debug|Any CPU.ActiveCfg = Debug|Any CPU
		{02AB2275-D1E5-4D71-8C93-8592F9718184}.Debug|Any CPU.Build.0 = Debug|Any CPU
		{02AB2275-D1E5-4D71-8C93-8592F9718184}.Release|Any CPU.ActiveCfg = Release|Any CPU
		{02AB2275-D1E5-4D71-8C93-8592F9718184}.Release|Any CPU.Build.0 = Release|Any CPU
	EndGlobalSection
	GlobalSection(SolutionProperties) = preSolution
		HideSolutionNode = FALSE
	EndGlobalSection
EndGlobal
